
Microsoft Visual Studio Solution File, Format Version 12.00
# Visual Studio Version 17
VisualStudioVersion = 17.5.33516.290
MinimumVisualStudioVersion = 10.0.40219.1
Project("{FAE04EC0-301F-11D3-BF4B-00C04F79EFBC}") = "wpf binding 3a", "wpf binding 3a\wpf binding 3a.csproj", "{F4C60F85-8CEC-4942-B67A-096E3C901997}"
EndProject
Global
	GlobalSection(SolutionConfigurationPlatforms) = preSolution
		Debug|Any CPU = Debug|Any CPU
		Release|Any CPU = Release|Any CPU
	EndGlobalSection
	GlobalSection(ProjectConfigurationPlatforms) = postSolution
		{F4C60F85-8CEC-4942-B67A-096E3C901997}.Debug|Any CPU.ActiveCfg = Debug|Any CPU
		{F4C60F85-8CEC-4942-B67A-096E3C901997}.Debug|Any CPU.Build.0 = Debug|Any CPU
		{F4C60F85-8CEC-4942-B67A-096E3C901997}.Release|Any CPU.ActiveCfg = Release|Any CPU
		{F4C60F85-8CEC-4942-B67A-096E3C901997}.Release|Any CPU.Build.0 = Release|Any CPU
	EndGlobalSection
	GlobalSection(SolutionProperties) = preSolution
		HideSolutionNode = FALSE
	EndGlobalSection
	GlobalSection(ExtensibilityGlobals) = postSolution
		SolutionGuid = {F29974B4-5DEC-4B60-88D7-614D7DB33BA9}
	EndGlobalSection
EndGlobal
